github.com/AneriShah2610/GoGeek v0.0.0-20181115055451-56211c5ff4f5 h1:OoyZJQPtMwu2QNA8tTS3ivPIvodmJeG5dMm3IJQ2ZDg=
github.com/AneriShah2610/GoGeek/cockroachdb v0.0.0-20181115055451-56211c5ff4f5 h1:H7mci33YI6raVHhj9xALcZSBpCCPGfX4g0Ipa2DTI4A=
github.com/lib/pq v1.0.0 h1:X5PMW56eZitiTeO7tKzZxFCSpbFZJtkMMooicw2us9A=
github.com/lib/pq v1.0.0/go.mod h1:5WUZQaWbwv1U+lTReE5YruASi9Al49XbQIvNi/34Woo=
