github.com/AneriShah2610/GoGeek v0.0.0-20181115055451-56211c5ff4f5 h1:OoyZJQPtMwu2QNA8tTS3ivPIvodmJeG5dMm3IJQ2ZDg=
github.com/AneriShah2610/GoGeek v0.0.0-20181115064436-09fc5519f1bb h1:xygEoqIEKINAg0j0tgShkCqHSTkhXuU6dN71piw5vH8=
github.com/AneriShah2610/GoGeek/cockroachdb v0.0.0-20181115055451-56211c5ff4f5 h1:H7mci33YI6raVHhj9xALcZSBpCCPGfX4g0Ipa2DTI4A=
github.com/gorilla/mux v1.6.2 h1:Pgr17XVTNXAk3q/r4CpKzC5xBM/qW1uVLV+IhRZpIIk=
github.com/gorilla/mux v1.6.2/go.mod h1:1lud6UwP+6orDFRuTfBEV8e9/aOM/c4fVVCaMa2zaAs=
github.com/jinzhu/gorm v1.9.1 h1:lDSDtsCt5AGGSKTs8AHlSDbbgif4G4+CKJ8ETBDVHTA=
github.com/jinzhu/gorm v1.9.1/go.mod h1:Vla75njaFJ8clLU1W44h34PjIkijhjHIYnZxMqCdxqo=
github.com/jinzhu/inflection v0.0.0-20180308033659-04140366298a h1:eeaG9XMUvRBYXJi4pg1ZKM7nxc5AfXfojeLLW7O5J3k=
github.com/jinzhu/inflection v0.0.0-20180308033659-04140366298a/go.mod h1:h+uFLlag+Qp1Va5pdKtLDYj+kHp5pxUVkryuEj+Srlc=
github.com/lib/pq v1.0.0 h1:X5PMW56eZitiTeO7tKzZxFCSpbFZJtkMMooicw2us9A=
github.com/lib/pq v1.0.0/go.mod h1:5WUZQaWbwv1U+lTReE5YruASi9Al49XbQIvNi/34Woo=
